
Microsoft Visual Studio Solution File, Format Version 12.00
# Visual Studio Version 16
VisualStudioVersion = 16.0.29519.181
MinimumVisualStudioVersion = 10.0.40219.1
Project("{9A19103F-16F7-4668-BE54-9A1E7A4F7556}") = "Domain", "Domain\Domain.csproj", "{64ED00BD-D3A8-4CFD-84AA-36844100E21A}"
EndProject
Project("{9A19103F-16F7-4668-BE54-9A1E7A4F7556}") = "Persistence", "Persistence\Persistence.csproj", "{47AF7E60-7A5E-48A2-BBEA-58A9AB5655E5}"
EndProject
Project("{9A19103F-16F7-4668-BE54-9A1E7A4F7556}") = "Application", "Application\Application.csproj", "{9DCCBBF4-6851-4AD1-ACC1-D5445B10B093}"
EndProject
Project("{FAE04EC0-301F-11D3-BF4B-00C04F79EFBC}") = "RhymesUI", "RhymesUI\RhymesUI.csproj", "{BAFE0C69-B8FB-4B86-98B0-6839E4402A2C}"
EndProject
Project("{FAE04EC0-301F-11D3-BF4B-00C04F79EFBC}") = "RhymesAPI", "RhymesAPI\RhymesAPI.csproj", "{4B14F6A8-CEA1-424F-B797-C8D6D90F20DD}"
EndProject
Global
	GlobalSection(SolutionConfigurationPlatforms) = preSolution
		Debug|Any CPU = Debug|Any CPU
		Release|Any CPU = Release|Any CPU
	EndGlobalSection
	GlobalSection(ProjectConfigurationPlatforms) = postSolution
		{64ED00BD-D3A8-4CFD-84AA-36844100E21A}.Debug|Any CPU.ActiveCfg = Debug|Any CPU
		{64ED00BD-D3A8-4CFD-84AA-36844100E21A}.Debug|Any CPU.Build.0 = Debug|Any CPU
		{64ED00BD-D3A8-4CFD-84AA-36844100E21A}.Release|Any CPU.ActiveCfg = Release|Any CPU
		{64ED00BD-D3A8-4CFD-84AA-36844100E21A}.Release|Any CPU.Build.0 = Release|Any CPU
		{47AF7E60-7A5E-48A2-BBEA-58A9AB5655E5}.Debug|Any CPU.ActiveCfg = Debug|Any CPU
		{47AF7E60-7A5E-48A2-BBEA-58A9AB5655E5}.Debug|Any CPU.Build.0 = Debug|Any CPU
		{47AF7E60-7A5E-48A2-BBEA-58A9AB5655E5}.Release|Any CPU.ActiveCfg = Release|Any CPU
		{47AF7E60-7A5E-48A2-BBEA-58A9AB5655E5}.Release|Any CPU.Build.0 = Release|Any CPU
		{9DCCBBF4-6851-4AD1-ACC1-D5445B10B093}.Debug|Any CPU.ActiveCfg = Debug|Any CPU
		{9DCCBBF4-6851-4AD1-ACC1-D5445B10B093}.Debug|Any CPU.Build.0 = Debug|Any CPU
		{9DCCBBF4-6851-4AD1-ACC1-D5445B10B093}.Release|Any CPU.ActiveCfg = Release|Any CPU
		{9DCCBBF4-6851-4AD1-ACC1-D5445B10B093}.Release|Any CPU.Build.0 = Release|Any CPU
		{BAFE0C69-B8FB-4B86-98B0-6839E4402A2C}.Debug|Any CPU.ActiveCfg = Debug|Any CPU
		{BAFE0C69-B8FB-4B86-98B0-6839E4402A2C}.Debug|Any CPU.Build.0 = Debug|Any CPU
		{BAFE0C69-B8FB-4B86-98B0-6839E4402A2C}.Release|Any CPU.ActiveCfg = Release|Any CPU
		{BAFE0C69-B8FB-4B86-98B0-6839E4402A2C}.Release|Any CPU.Build.0 = Release|Any CPU
		{4B14F6A8-CEA1-424F-B797-C8D6D90F20DD}.Debug|Any CPU.ActiveCfg = Debug|Any CPU
		{4B14F6A8-CEA1-424F-B797-C8D6D90F20DD}.Debug|Any CPU.Build.0 = Debug|Any CPU
		{4B14F6A8-CEA1-424F-B797-C8D6D90F20DD}.Release|Any CPU.ActiveCfg = Release|Any CPU
		{4B14F6A8-CEA1-424F-B797-C8D6D90F20DD}.Release|Any CPU.Build.0 = Release|Any CPU
	EndGlobalSection
	GlobalSection(SolutionProperties) = preSolution
		HideSolutionNode = FALSE
	EndGlobalSection
	GlobalSection(ExtensibilityGlobals) = postSolution
		SolutionGuid = {5609E5F5-580F-4119-87B5-62E39C17F8B9}
	EndGlobalSection
EndGlobal
